
Microsoft Visual Studio Solution File, Format Version 12.00
# Visual Studio Version 17
VisualStudioVersion = 17.14.36109.1
MinimumVisualStudioVersion = 10.0.40219.1
Project("{FAE04EC0-301F-11D3-BF4B-00C04F79EFBC}") = "Ticket", "Ticket\Ticket.csproj", "{70795C03-955D-4DDF-94AD-64DEF61B5A1B}"
EndProject
Global
	GlobalSection(SolutionConfigurationPlatforms) = preSolution
		Debug|Any CPU = Debug|Any CPU
		Release|Any CPU = Release|Any CPU
	EndGlobalSection
	GlobalSection(ProjectConfigurationPlatforms) = postSolution
		{70795C03-955D-4DDF-94AD-64DEF61B5A1B}.Debug|Any CPU.ActiveCfg = Debug|Any CPU
		{70795C03-955D-4DDF-94AD-64DEF61B5A1B}.Debug|Any CPU.Build.0 = Debug|Any CPU
		{70795C03-955D-4DDF-94AD-64DEF61B5A1B}.Release|Any CPU.ActiveCfg = Release|Any CPU
		{70795C03-955D-4DDF-94AD-64DEF61B5A1B}.Release|Any CPU.Build.0 = Release|Any CPU
	EndGlobalSection
	GlobalSection(SolutionProperties) = preSolution
		HideSolutionNode = FALSE
	EndGlobalSection
	GlobalSection(ExtensibilityGlobals) = postSolution
		SolutionGuid = {342B82F7-1370-4AD4-B0DF-A164CD6D238A}
	EndGlobalSection
EndGlobal
